
Microsoft Visual Studio Solution File, Format Version 12.00
# Visual Studio Version 16
VisualStudioVersion = 16.0.31624.102
MinimumVisualStudioVersion = 10.0.40219.1
Project("{FAE04EC0-301F-11D3-BF4B-00C04F79EFBC}") = "AgenciaBancaria.Dominio", "AgenciaBancaria.Dominio\AgenciaBancaria.Dominio.csproj", "{D6D5FFF8-11AF-4DB8-8DEC-1A0B97B02857}"
EndProject
Project("{FAE04EC0-301F-11D3-BF4B-00C04F79EFBC}") = "AgenciaBancaria.app", "AgenciaBancaria.app\AgenciaBancaria.app.csproj", "{7239BBA9-CD11-4939-A013-610DF6A13EDC}"
EndProject
Global
	GlobalSection(SolutionConfigurationPlatforms) = preSolution
		Debug|Any CPU = Debug|Any CPU
		Release|Any CPU = Release|Any CPU
	EndGlobalSection
	GlobalSection(ProjectConfigurationPlatforms) = postSolution
		{D6D5FFF8-11AF-4DB8-8DEC-1A0B97B02857}.Debug|Any CPU.ActiveCfg = Debug|Any CPU
		{D6D5FFF8-11AF-4DB8-8DEC-1A0B97B02857}.Debug|Any CPU.Build.0 = Debug|Any CPU
		{D6D5FFF8-11AF-4DB8-8DEC-1A0B97B02857}.Release|Any CPU.ActiveCfg = Release|Any CPU
		{D6D5FFF8-11AF-4DB8-8DEC-1A0B97B02857}.Release|Any CPU.Build.0 = Release|Any CPU
		{7239BBA9-CD11-4939-A013-610DF6A13EDC}.Debug|Any CPU.ActiveCfg = Debug|Any CPU
		{7239BBA9-CD11-4939-A013-610DF6A13EDC}.Debug|Any CPU.Build.0 = Debug|Any CPU
		{7239BBA9-CD11-4939-A013-610DF6A13EDC}.Release|Any CPU.ActiveCfg = Release|Any CPU
		{7239BBA9-CD11-4939-A013-610DF6A13EDC}.Release|Any CPU.Build.0 = Release|Any CPU
	EndGlobalSection
	GlobalSection(SolutionProperties) = preSolution
		HideSolutionNode = FALSE
	EndGlobalSection
	GlobalSection(ExtensibilityGlobals) = postSolution
		SolutionGuid = {4314A2A3-DA42-4009-B501-8BFDE3378608}
	EndGlobalSection
EndGlobal
